
Microsoft Visual Studio Solution File, Format Version 12.00
# Visual Studio 2013
VisualStudioVersion = 12.0.40629.0
MinimumVisualStudioVersion = 10.0.40219.1
Project("{FAE04EC0-301F-11D3-BF4B-00C04F79EFBC}") = "ConsoleApplication35", "ConsoleApplication35\ConsoleApplication35.csproj", "{527CD71B-BDE6-4C92-B15E-87B22FD94CFC}"
EndProject
Global
	GlobalSection(SolutionConfigurationPlatforms) = preSolution
		Debug|Any CPU = Debug|Any CPU
		Release|Any CPU = Release|Any CPU
	EndGlobalSection
	GlobalSection(ProjectConfigurationPlatforms) = postSolution
		{527CD71B-BDE6-4C92-B15E-87B22FD94CFC}.Debug|Any CPU.ActiveCfg = Debug|Any CPU
		{527CD71B-BDE6-4C92-B15E-87B22FD94CFC}.Debug|Any CPU.Build.0 = Debug|Any CPU
		{527CD71B-BDE6-4C92-B15E-87B22FD94CFC}.Release|Any CPU.ActiveCfg = Release|Any CPU
		{527CD71B-BDE6-4C92-B15E-87B22FD94CFC}.Release|Any CPU.Build.0 = Release|Any CPU
	EndGlobalSection
	GlobalSection(SolutionProperties) = preSolution
		HideSolutionNode = FALSE
	EndGlobalSection
EndGlobal
